
Microsoft Visual Studio Solution File, Format Version 12.00
# Visual Studio Version 16
VisualStudioVersion = 16.0.29201.188
MinimumVisualStudioVersion = 10.0.40219.1
Project("{FAE04EC0-301F-11D3-BF4B-00C04F79EFBC}") = "Pantry", "Pantry\Pantry.csproj", "{BC780FA0-91A7-431C-9C6C-EAE477184415}"
EndProject
Global
	GlobalSection(SolutionConfigurationPlatforms) = preSolution
		Debug|Any CPU = Debug|Any CPU
		Release|Any CPU = Release|Any CPU
	EndGlobalSection
	GlobalSection(ProjectConfigurationPlatforms) = postSolution
		{BC780FA0-91A7-431C-9C6C-EAE477184415}.Debug|Any CPU.ActiveCfg = Debug|Any CPU
		{BC780FA0-91A7-431C-9C6C-EAE477184415}.Debug|Any CPU.Build.0 = Debug|Any CPU
		{BC780FA0-91A7-431C-9C6C-EAE477184415}.Release|Any CPU.ActiveCfg = Release|Any CPU
		{BC780FA0-91A7-431C-9C6C-EAE477184415}.Release|Any CPU.Build.0 = Release|Any CPU
	EndGlobalSection
	GlobalSection(SolutionProperties) = preSolution
		HideSolutionNode = FALSE
	EndGlobalSection
	GlobalSection(ExtensibilityGlobals) = postSolution
		SolutionGuid = {0EF28A1D-A132-42EB-A405-BCD41752CEC6}
	EndGlobalSection
EndGlobal
